Microsoft Visual Studio Solution File, Format Version 11.00
# Visual Studio 2008

Project("{CDDA342E-B630-503E-CF2C-464CCE43A182}") = "quiztwist", "Assembly-CSharp.csproj", "{D95612F0-245F-F8FC-56BA-A95DCEB0A63D}"
EndProject
Global
	GlobalSection(SolutionConfigurationPlatforms) = preSolution
		Debug|Any CPU = Debug|Any CPU
		Release|Any CPU = Release|Any CPU
	EndGlobalSection
	GlobalSection(ProjectConfigurationPlatforms) = postSolution
		{D95612F0-245F-F8FC-56BA-A95DCEB0A63D}.Debug|Any CPU.ActiveCfg = Debug|Any CPU
		{D95612F0-245F-F8FC-56BA-A95DCEB0A63D}.Debug|Any CPU.Build.0 = Debug|Any CPU
		{D95612F0-245F-F8FC-56BA-A95DCEB0A63D}.Release|Any CPU.ActiveCfg = Release|Any CPU
		{D95612F0-245F-F8FC-56BA-A95DCEB0A63D}.Release|Any CPU.Build.0 = Release|Any CPU
	EndGlobalSection
	GlobalSection(SolutionProperties) = preSolution
		HideSolutionNode = FALSE
	EndGlobalSection
	GlobalSection(MonoDevelopProperties) = preSolution
		StartupItem = Assembly-CSharp.csproj
	EndGlobalSection
EndGlobal
